
Microsoft Visual Studio Solution File, Format Version 12.00
# Visual Studio Version 16
VisualStudioVersion = 16.0.32802.440
MinimumVisualStudioVersion = 10.0.40219.1
Project("{FAE04EC0-301F-11D3-BF4B-00C04F79EFBC}") = "ProductModuleApp", "ProductModuleApp\ProductModuleApp.csproj", "{376D8AED-AFBB-4114-A213-8EF21D3129E1}"
EndProject
Global
	GlobalSection(SolutionConfigurationPlatforms) = preSolution
		Debug|Any CPU = Debug|Any CPU
		Release|Any CPU = Release|Any CPU
	EndGlobalSection
	GlobalSection(ProjectConfigurationPlatforms) = postSolution
		{376D8AED-AFBB-4114-A213-8EF21D3129E1}.Debug|Any CPU.ActiveCfg = Debug|Any CPU
		{376D8AED-AFBB-4114-A213-8EF21D3129E1}.Debug|Any CPU.Build.0 = Debug|Any CPU
		{376D8AED-AFBB-4114-A213-8EF21D3129E1}.Release|Any CPU.ActiveCfg = Release|Any CPU
		{376D8AED-AFBB-4114-A213-8EF21D3129E1}.Release|Any CPU.Build.0 = Release|Any CPU
	EndGlobalSection
	GlobalSection(SolutionProperties) = preSolution
		HideSolutionNode = FALSE
	EndGlobalSection
	GlobalSection(ExtensibilityGlobals) = postSolution
		SolutionGuid = {16A848F9-4F8C-44BA-A93A-D2E6787F06EC}
	EndGlobalSection
EndGlobal
